
Microsoft Visual Studio Solution File, Format Version 12.00
# Visual Studio Version 17
VisualStudioVersion = 17.0.31903.59
MinimumVisualStudioVersion = 10.0.40219.1
Project("{2150E333-8FDC-42A3-9474-1A3956D46DE8}") = "src", "src", "{E461AA1E-BB9B-4FD4-B33C-8C6175D7B5CA}"
EndProject
Project("{9A19103F-16F7-4668-BE54-9A1E7A4F7556}") = "NitroIdentityServer", "src\NitroIdentityServer\NitroIdentityServer.csproj", "{1B1A282C-85A9-4D81-AD64-179DA1D52C3A}"
EndProject
Project("{9A19103F-16F7-4668-BE54-9A1E7A4F7556}") = "NitroClient", "src\NitroClient\NitroClient.csproj", "{38392D49-C873-47E0-B282-7ACD7094EDF6}"
EndProject
Global
	GlobalSection(SolutionConfigurationPlatforms) = preSolution
		Debug|Any CPU = Debug|Any CPU
		Release|Any CPU = Release|Any CPU
	EndGlobalSection
	GlobalSection(ProjectConfigurationPlatforms) = postSolution
		{1B1A282C-85A9-4D81-AD64-179DA1D52C3A}.Debug|Any CPU.ActiveCfg = Debug|Any CPU
		{1B1A282C-85A9-4D81-AD64-179DA1D52C3A}.Debug|Any CPU.Build.0 = Debug|Any CPU
		{1B1A282C-85A9-4D81-AD64-179DA1D52C3A}.Release|Any CPU.ActiveCfg = Release|Any CPU
		{1B1A282C-85A9-4D81-AD64-179DA1D52C3A}.Release|Any CPU.Build.0 = Release|Any CPU
		{38392D49-C873-47E0-B282-7ACD7094EDF6}.Debug|Any CPU.ActiveCfg = Debug|Any CPU
		{38392D49-C873-47E0-B282-7ACD7094EDF6}.Debug|Any CPU.Build.0 = Debug|Any CPU
		{38392D49-C873-47E0-B282-7ACD7094EDF6}.Release|Any CPU.ActiveCfg = Release|Any CPU
		{38392D49-C873-47E0-B282-7ACD7094EDF6}.Release|Any CPU.Build.0 = Release|Any CPU
	EndGlobalSection
	GlobalSection(SolutionProperties) = preSolution
		HideSolutionNode = FALSE
	EndGlobalSection
	GlobalSection(NestedProjects) = preSolution
		{1B1A282C-85A9-4D81-AD64-179DA1D52C3A} = {E461AA1E-BB9B-4FD4-B33C-8C6175D7B5CA}
		{38392D49-C873-47E0-B282-7ACD7094EDF6} = {E461AA1E-BB9B-4FD4-B33C-8C6175D7B5CA}
	EndGlobalSection
EndGlobal
